
Microsoft Visual Studio Solution File, Format Version 12.00
# Visual Studio 2013
VisualStudioVersion = 12.0.30723.0
MinimumVisualStudioVersion = 10.0.40219.1
Project("{FAE04EC0-301F-11D3-BF4B-00C04F79EFBC}") = "ServerUI", "ServerUI\ServerUI.csproj", "{D0C742E0-FD5B-4216-80B9-FDE7285B4F47}"
EndProject
Project("{FAE04EC0-301F-11D3-BF4B-00C04F79EFBC}") = "AsyncSockets", "AsyncSocket\AsyncSockets.csproj", "{F4F4CB36-C4B3-4296-AE46-8855D4BC5CC5}"
EndProject
Project("{FAE04EC0-301F-11D3-BF4B-00C04F79EFBC}") = "InterfaceFactory", "InterfaceFactory\InterfaceFactory.csproj", "{6AD23CD7-FB9F-448E-85EA-CB5AAA4E9FEE}"
EndProject
Project("{FAE04EC0-301F-11D3-BF4B-00C04F79EFBC}") = "TCPServer.Library", "TCPServer.Library\TCPServer.Library.csproj", "{FEAD3693-2BB0-4C76-A435-AA36415B05D5}"
EndProject
Project("{FAE04EC0-301F-11D3-BF4B-00C04F79EFBC}") = "TCPServer.Interface", "TCPServer.Interface\TCPServer.Interface.csproj", "{73AD1D52-450C-4608-BE9C-8B820CCB8583}"
EndProject
Global
	GlobalSection(SolutionConfigurationPlatforms) = preSolution
		Debug|Any CPU = Debug|Any CPU
		Debug|x86 = Debug|x86
		Release|Any CPU = Release|Any CPU
		Release|x86 = Release|x86
	EndGlobalSection
	GlobalSection(ProjectConfigurationPlatforms) = postSolution
		{D0C742E0-FD5B-4216-80B9-FDE7285B4F47}.Debug|Any CPU.ActiveCfg = Debug|Any CPU
		{D0C742E0-FD5B-4216-80B9-FDE7285B4F47}.Debug|Any CPU.Build.0 = Debug|Any CPU
		{D0C742E0-FD5B-4216-80B9-FDE7285B4F47}.Debug|x86.ActiveCfg = Debug|Any CPU
		{D0C742E0-FD5B-4216-80B9-FDE7285B4F47}.Release|Any CPU.ActiveCfg = Release|Any CPU
		{D0C742E0-FD5B-4216-80B9-FDE7285B4F47}.Release|Any CPU.Build.0 = Release|Any CPU
		{D0C742E0-FD5B-4216-80B9-FDE7285B4F47}.Release|x86.ActiveCfg = Release|Any CPU
		{F4F4CB36-C4B3-4296-AE46-8855D4BC5CC5}.Debug|Any CPU.ActiveCfg = Debug|Any CPU
		{F4F4CB36-C4B3-4296-AE46-8855D4BC5CC5}.Debug|Any CPU.Build.0 = Debug|Any CPU
		{F4F4CB36-C4B3-4296-AE46-8855D4BC5CC5}.Debug|x86.ActiveCfg = Debug|Any CPU
		{F4F4CB36-C4B3-4296-AE46-8855D4BC5CC5}.Release|Any CPU.ActiveCfg = Release|Any CPU
		{F4F4CB36-C4B3-4296-AE46-8855D4BC5CC5}.Release|Any CPU.Build.0 = Release|Any CPU
		{F4F4CB36-C4B3-4296-AE46-8855D4BC5CC5}.Release|x86.ActiveCfg = Release|Any CPU
		{6AD23CD7-FB9F-448E-85EA-CB5AAA4E9FEE}.Debug|Any CPU.ActiveCfg = Debug|Any CPU
		{6AD23CD7-FB9F-448E-85EA-CB5AAA4E9FEE}.Debug|Any CPU.Build.0 = Debug|Any CPU
		{6AD23CD7-FB9F-448E-85EA-CB5AAA4E9FEE}.Debug|x86.ActiveCfg = Debug|x86
		{6AD23CD7-FB9F-448E-85EA-CB5AAA4E9FEE}.Debug|x86.Build.0 = Debug|x86
		{6AD23CD7-FB9F-448E-85EA-CB5AAA4E9FEE}.Release|Any CPU.ActiveCfg = Release|Any CPU
		{6AD23CD7-FB9F-448E-85EA-CB5AAA4E9FEE}.Release|Any CPU.Build.0 = Release|Any CPU
		{6AD23CD7-FB9F-448E-85EA-CB5AAA4E9FEE}.Release|x86.ActiveCfg = Release|x86
		{6AD23CD7-FB9F-448E-85EA-CB5AAA4E9FEE}.Release|x86.Build.0 = Release|x86
		{FEAD3693-2BB0-4C76-A435-AA36415B05D5}.Debug|Any CPU.ActiveCfg = Debug|Any CPU
		{FEAD3693-2BB0-4C76-A435-AA36415B05D5}.Debug|Any CPU.Build.0 = Debug|Any CPU
		{FEAD3693-2BB0-4C76-A435-AA36415B05D5}.Debug|x86.ActiveCfg = Debug|Any CPU
		{FEAD3693-2BB0-4C76-A435-AA36415B05D5}.Release|Any CPU.ActiveCfg = Release|Any CPU
		{FEAD3693-2BB0-4C76-A435-AA36415B05D5}.Release|Any CPU.Build.0 = Release|Any CPU
		{FEAD3693-2BB0-4C76-A435-AA36415B05D5}.Release|x86.ActiveCfg = Release|Any CPU
		{73AD1D52-450C-4608-BE9C-8B820CCB8583}.Debug|Any CPU.ActiveCfg = Debug|Any CPU
		{73AD1D52-450C-4608-BE9C-8B820CCB8583}.Debug|Any CPU.Build.0 = Debug|Any CPU
		{73AD1D52-450C-4608-BE9C-8B820CCB8583}.Debug|x86.ActiveCfg = Debug|Any CPU
		{73AD1D52-450C-4608-BE9C-8B820CCB8583}.Release|Any CPU.ActiveCfg = Release|Any CPU
		{73AD1D52-450C-4608-BE9C-8B820CCB8583}.Release|Any CPU.Build.0 = Release|Any CPU
		{73AD1D52-450C-4608-BE9C-8B820CCB8583}.Release|x86.ActiveCfg = Release|Any CPU
	EndGlobalSection
	GlobalSection(SolutionProperties) = preSolution
		HideSolutionNode = FALSE
	EndGlobalSection
EndGlobal
